
Microsoft Visual Studio Solution File, Format Version 12.00
Project("{FAE04EC0-301F-11D3-BF4B-00C04F79EFBC}") = "ArchUpdateGUI", "ArchUpdateGUI\ArchUpdateGUI.csproj", "{4FD5D091-7B4A-4B5B-8303-88C0422D26E9}"
EndProject
Project("{FAE04EC0-301F-11D3-BF4B-00C04F79EFBC}") = "ArchUpdateGUI.Backend", "ArchUpdateGUI.Backend\ArchUpdateGUI.Backend.csproj", "{6A89A550-4A3B-4CBE-914C-9218E34D816D}"
EndProject
Global
	GlobalSection(SolutionConfigurationPlatforms) = preSolution
		Debug|Any CPU = Debug|Any CPU
		Release|Any CPU = Release|Any CPU
	EndGlobalSection
	GlobalSection(ProjectConfigurationPlatforms) = postSolution
		{4FD5D091-7B4A-4B5B-8303-88C0422D26E9}.Debug|Any CPU.ActiveCfg = Debug|Any CPU
		{4FD5D091-7B4A-4B5B-8303-88C0422D26E9}.Debug|Any CPU.Build.0 = Debug|Any CPU
		{4FD5D091-7B4A-4B5B-8303-88C0422D26E9}.Release|Any CPU.ActiveCfg = Release|Any CPU
		{4FD5D091-7B4A-4B5B-8303-88C0422D26E9}.Release|Any CPU.Build.0 = Release|Any CPU
		{6A89A550-4A3B-4CBE-914C-9218E34D816D}.Debug|Any CPU.ActiveCfg = Debug|Any CPU
		{6A89A550-4A3B-4CBE-914C-9218E34D816D}.Debug|Any CPU.Build.0 = Debug|Any CPU
		{6A89A550-4A3B-4CBE-914C-9218E34D816D}.Release|Any CPU.ActiveCfg = Release|Any CPU
		{6A89A550-4A3B-4CBE-914C-9218E34D816D}.Release|Any CPU.Build.0 = Release|Any CPU
	EndGlobalSection
EndGlobal
